<?xml version="1.0" encoding="utf-8"?>
<Project ToolsVersion="4.0" xmlns="http://schemas.microsoft.com/developer/msbuild/2003">
  <ItemGroup>
    <Filter Include="源文件">
      <UniqueIdentifier>{4FC737F1-C7A5-4376-A066-2A32D752A2FF}</UniqueIdentifier>
      <Extensions>cpp;c;cc;cxx;def;odl;idl;hpj;bat;asm;asmx</Extensions>
    </Filter>
    <Filter Include="头文件">
      <UniqueIdentifier>{93995380-89BD-4b04-88EB-625FBE52EBFB}</UniqueIdentifier>
      <Extensions>h;hh;hpp;hxx;hm;inl;inc;ipp;xsd</Extensions>
    </Filter>
    <Filter Include="资源文件">
      <UniqueIdentifier>{67DA6AB6-F800-4c08-8B7A-83BB121AAD01}</UniqueIdentifier>
      <Extensions>rc;ico;cur;bmp;dlg;rc2;rct;bin;rgs;gif;jpg;jpeg;jpe;resx;tiff;tif;png;wav;mfcribbon-ms</Extensions>
    </Filter>
  </ItemGroup>
  <ItemGroup>
    <ClCompile Include="LuaCPP.cpp">
      <Filter>源文件</Filter>
    </ClCompile>
    <ClCompile Include="Lua\src\lapi.c">
      <Filter>源文件</Filter>
    </ClCompile>
    <ClCompile Include="Lua\src\lauxlib.c">
      <Filter>源文件</Filter>
    </ClCompile>
    <ClCompile Include="Lua\src\lbaselib.c">
      <Filter>源文件</Filter>
    </ClCompile>
    <ClCompile Include="Lua\src\lbitlib.c">
      <Filter>源文件</Filter>
    </ClCompile>
    <ClCompile Include="Lua\src\lcode.c">
      <Filter>源文件</Filter>
    </ClCompile>
    <ClCompile Include="Lua\src\lcorolib.c">
      <Filter>源文件</Filter>
    </ClCompile>
    <ClCompile Include="Lua\src\lctype.c">
      <Filter>源文件</Filter>
    </ClCompile>
    <ClCompile Include="Lua\src\ldblib.c">
      <Filter>源文件</Filter>
    </ClCompile>
    <ClCompile Include="Lua\src\ldebug.c">
      <Filter>源文件</Filter>
    </ClCompile>
    <ClCompile Include="Lua\src\ldo.c">
      <Filter>源文件</Filter>
    </ClCompile>
    <ClCompile Include="Lua\src\ldump.c">
      <Filter>源文件</Filter>
    </ClCompile>
    <ClCompile Include="Lua\src\lfunc.c">
      <Filter>源文件</Filter>
    </ClCompile>
    <ClCompile Include="Lua\src\lgc.c">
      <Filter>源文件</Filter>
    </ClCompile>
    <ClCompile Include="Lua\src\linit.c">
      <Filter>源文件</Filter>
    </ClCompile>
    <ClCompile Include="Lua\src\liolib.c">
      <Filter>源文件</Filter>
    </ClCompile>
    <ClCompile Include="Lua\src\llex.c">
      <Filter>源文件</Filter>
    </ClCompile>
    <ClCompile Include="Lua\src\lmathlib.c">
      <Filter>源文件</Filter>
    </ClCompile>
    <ClCompile Include="Lua\src\lmem.c">
      <Filter>源文件</Filter>
    </ClCompile>
    <ClCompile Include="Lua\src\loadlib.c">
      <Filter>源文件</Filter>
    </ClCompile>
    <ClCompile Include="Lua\src\lobject.c">
      <Filter>源文件</Filter>
    </ClCompile>
    <ClCompile Include="Lua\src\lopcodes.c">
      <Filter>源文件</Filter>
    </ClCompile>
    <ClCompile Include="Lua\src\loslib.c">
      <Filter>源文件</Filter>
    </ClCompile>
    <ClCompile Include="Lua\src\lparser.c">
      <Filter>源文件</Filter>
    </ClCompile>
    <ClCompile Include="Lua\src\lstate.c">
      <Filter>源文件</Filter>
    </ClCompile>
    <ClCompile Include="Lua\src\lstring.c">
      <Filter>源文件</Filter>
    </ClCompile>
    <ClCompile Include="Lua\src\lstrlib.c">
      <Filter>源文件</Filter>
    </ClCompile>
    <ClCompile Include="Lua\src\ltable.c">
      <Filter>源文件</Filter>
    </ClCompile>
    <ClCompile Include="Lua\src\ltablib.c">
      <Filter>源文件</Filter>
    </ClCompile>
    <ClCompile Include="Lua\src\ltm.c">
      <Filter>源文件</Filter>
    </ClCompile>
    <ClCompile Include="Lua\src\lua.c">
      <Filter>源文件</Filter>
    </ClCompile>
    <ClCompile Include="Lua\src\luac.c">
      <Filter>源文件</Filter>
    </ClCompile>
    <ClCompile Include="Lua\src\lundump.c">
      <Filter>源文件</Filter>
    </ClCompile>
    <ClCompile Include="Lua\src\lutf8lib.c">
      <Filter>源文件</Filter>
    </ClCompile>
    <ClCompile Include="Lua\src\lvm.c">
      <Filter>源文件</Filter>
    </ClCompile>
    <ClCompile Include="Lua\src\lzio.c">
      <Filter>源文件</Filter>
    </ClCompile>
  </ItemGroup>
  <ItemGroup>
    <ClInclude Include="Lua\include\lapi.h">
      <Filter>头文件</Filter>
    </ClInclude>
    <ClInclude Include="Lua\include\lauxlib.h">
      <Filter>头文件</Filter>
    </ClInclude>
    <ClInclude Include="Lua\include\lcode.h">
      <Filter>头文件</Filter>
    </ClInclude>
    <ClInclude Include="Lua\include\lctype.h">
      <Filter>头文件</Filter>
    </ClInclude>
    <ClInclude Include="Lua\include\ldebug.h">
      <Filter>头文件</Filter>
    </ClInclude>
    <ClInclude Include="Lua\include\ldo.h">
      <Filter>头文件</Filter>
    </ClInclude>
    <ClInclude Include="Lua\include\lfunc.h">
      <Filter>头文件</Filter>
    </ClInclude>
    <ClInclude Include="Lua\include\lgc.h">
      <Filter>头文件</Filter>
    </ClInclude>
    <ClInclude Include="Lua\include\llex.h">
      <Filter>头文件</Filter>
    </ClInclude>
    <ClInclude Include="Lua\include\llimits.h">
      <Filter>头文件</Filter>
    </ClInclude>
    <ClInclude Include="Lua\include\lmem.h">
      <Filter>头文件</Filter>
    </ClInclude>
    <ClInclude Include="Lua\include\lobject.h">
      <Filter>头文件</Filter>
    </ClInclude>
    <ClInclude Include="Lua\include\lopcodes.h">
      <Filter>头文件</Filter>
    </ClInclude>
    <ClInclude Include="Lua\include\lparser.h">
      <Filter>头文件</Filter>
    </ClInclude>
    <ClInclude Include="Lua\include\lprefix.h">
      <Filter>头文件</Filter>
    </ClInclude>
    <ClInclude Include="Lua\include\lstate.h">
      <Filter>头文件</Filter>
    </ClInclude>
    <ClInclude Include="Lua\include\lstring.h">
      <Filter>头文件</Filter>
    </ClInclude>
    <ClInclude Include="Lua\include\ltable.h">
      <Filter>头文件</Filter>
    </ClInclude>
    <ClInclude Include="Lua\include\ltm.h">
      <Filter>头文件</Filter>
    </ClInclude>
    <ClInclude Include="Lua\include\lua.h">
      <Filter>头文件</Filter>
    </ClInclude>
    <ClInclude Include="Lua\include\lua.hpp">
      <Filter>头文件</Filter>
    </ClInclude>
    <ClInclude Include="Lua\include\luaconf.h">
      <Filter>头文件</Filter>
    </ClInclude>
    <ClInclude Include="Lua\include\lualib.h">
      <Filter>头文件</Filter>
    </ClInclude>
    <ClInclude Include="Lua\include\lundump.h">
      <Filter>头文件</Filter>
    </ClInclude>
    <ClInclude Include="Lua\include\lvm.h">
      <Filter>头文件</Filter>
    </ClInclude>
    <ClInclude Include="Lua\include\lzio.h">
      <Filter>头文件</Filter>
    </ClInclude>
  </ItemGroup>
</Project>